
Microsoft Visual Studio Solution File, Format Version 12.00
# Visual Studio 15
VisualStudioVersion = 15.0.27130.2003
MinimumVisualStudioVersion = 10.0.40219.1
Project("{FAE04EC0-301F-11D3-BF4B-00C04F79EFBC}") = "NorthwindMVC", "NorthwindMVC\NorthwindMVC.csproj", "{986FDC75-9624-44D8-9140-4CE03E994069}"
EndProject
Global
	GlobalSection(SolutionConfigurationPlatforms) = preSolution
		Debug|Any CPU = Debug|Any CPU
		Release|Any CPU = Release|Any CPU
	EndGlobalSection
	GlobalSection(ProjectConfigurationPlatforms) = postSolution
		{986FDC75-9624-44D8-9140-4CE03E994069}.Debug|Any CPU.ActiveCfg = Debug|Any CPU
		{986FDC75-9624-44D8-9140-4CE03E994069}.Debug|Any CPU.Build.0 = Debug|Any CPU
		{986FDC75-9624-44D8-9140-4CE03E994069}.Release|Any CPU.ActiveCfg = Release|Any CPU
		{986FDC75-9624-44D8-9140-4CE03E994069}.Release|Any CPU.Build.0 = Release|Any CPU
	EndGlobalSection
	GlobalSection(SolutionProperties) = preSolution
		HideSolutionNode = FALSE
	EndGlobalSection
	GlobalSection(ExtensibilityGlobals) = postSolution
		SolutionGuid = {7F1B932C-DFF2-4B8D-B29D-E3CCEA6DE887}
	EndGlobalSection
EndGlobal
